
Microsoft Visual Studio Solution File, Format Version 12.00
# Visual Studio Version 17
VisualStudioVersion = 17.8.34212.112
MinimumVisualStudioVersion = 10.0.40219.1
Project("{FAE04EC0-301F-11D3-BF4B-00C04F79EFBC}") = "WareHouse", "WareHouse\WareHouse.csproj", "{4AA7F4C3-7C59-45D3-B2B0-9A23FFF3636F}"
EndProject
Global
	GlobalSection(SolutionConfigurationPlatforms) = preSolution
		Debug|Any CPU = Debug|Any CPU
		Release|Any CPU = Release|Any CPU
	EndGlobalSection
	GlobalSection(ProjectConfigurationPlatforms) = postSolution
		{4AA7F4C3-7C59-45D3-B2B0-9A23FFF3636F}.Debug|Any CPU.ActiveCfg = Debug|Any CPU
		{4AA7F4C3-7C59-45D3-B2B0-9A23FFF3636F}.Debug|Any CPU.Build.0 = Debug|Any CPU
		{4AA7F4C3-7C59-45D3-B2B0-9A23FFF3636F}.Release|Any CPU.ActiveCfg = Release|Any CPU
		{4AA7F4C3-7C59-45D3-B2B0-9A23FFF3636F}.Release|Any CPU.Build.0 = Release|Any CPU
	EndGlobalSection
	GlobalSection(SolutionProperties) = preSolution
		HideSolutionNode = FALSE
	EndGlobalSection
	GlobalSection(ExtensibilityGlobals) = postSolution
		SolutionGuid = {113A1C0E-9EBC-44BA-8D94-506A7251BB64}
	EndGlobalSection
EndGlobal
